
Microsoft Visual Studio Solution File, Format Version 12.00
# Visual Studio Version 16
VisualStudioVersion = 16.0.31515.178
MinimumVisualStudioVersion = 10.0.40219.1
Project("{FAE04EC0-301F-11D3-BF4B-00C04F79EFBC}") = "MDConsoleApp1", "MDConsoleApp1.csproj", "{F15EE93F-E46C-4803-8A36-C278EAB25F27}"
EndProject
Global
	GlobalSection(SolutionConfigurationPlatforms) = preSolution
		Debug|Any CPU = Debug|Any CPU
		Release|Any CPU = Release|Any CPU
	EndGlobalSection
	GlobalSection(ProjectConfigurationPlatforms) = postSolution
		{F15EE93F-E46C-4803-8A36-C278EAB25F27}.Debug|Any CPU.ActiveCfg = Debug|Any CPU
		{F15EE93F-E46C-4803-8A36-C278EAB25F27}.Debug|Any CPU.Build.0 = Debug|Any CPU
		{F15EE93F-E46C-4803-8A36-C278EAB25F27}.Release|Any CPU.ActiveCfg = Release|Any CPU
		{F15EE93F-E46C-4803-8A36-C278EAB25F27}.Release|Any CPU.Build.0 = Release|Any CPU
	EndGlobalSection
	GlobalSection(SolutionProperties) = preSolution
		HideSolutionNode = FALSE
	EndGlobalSection
	GlobalSection(ExtensibilityGlobals) = postSolution
		SolutionGuid = {E83079B3-BEB0-4682-87B4-02BE5BBAE9F8}
	EndGlobalSection
EndGlobal
